
Microsoft Visual Studio Solution File, Format Version 12.00
# Visual Studio Version 17
VisualStudioVersion = 17.8.34004.107
MinimumVisualStudioVersion = 10.0.40219.1
Project("{FAE04EC0-301F-11D3-BF4B-00C04F79EFBC}") = "WebApp", "WebApp\WebApp.csproj", "{84FC1C04-6BDE-41AE-BAA5-1AE30ED50A13}"
EndProject
Project("{FAE04EC0-301F-11D3-BF4B-00C04F79EFBC}") = "CoreBusiness", "CoreBusiness\CoreBusiness.csproj", "{67CF25CC-3661-4BF3-A340-3BCCD674A155}"
EndProject
Project("{FAE04EC0-301F-11D3-BF4B-00C04F79EFBC}") = "UseCases", "UseCases\UseCases.csproj", "{F67C5B28-38AA-4F62-A098-A1E5BD58334D}"
EndProject
Project("{2150E333-8FDC-42A3-9474-1A3956D46DE8}") = "Plugins", "Plugins", "{D0E19174-00A9-4594-9060-12498EE224F8}"
EndProject
Project("{FAE04EC0-301F-11D3-BF4B-00C04F79EFBC}") = "Plugins.DataStore.InMemory", "Plugins\Plugins.DataStore.InMemory\Plugins.DataStore.InMemory.csproj", "{091D82A6-DE03-4091-9A5B-CB7827139C07}"
EndProject
Global
	GlobalSection(SolutionConfigurationPlatforms) = preSolution
		Debug|Any CPU = Debug|Any CPU
		Release|Any CPU = Release|Any CPU
	EndGlobalSection
	GlobalSection(ProjectConfigurationPlatforms) = postSolution
		{84FC1C04-6BDE-41AE-BAA5-1AE30ED50A13}.Debug|Any CPU.ActiveCfg = Debug|Any CPU
		{84FC1C04-6BDE-41AE-BAA5-1AE30ED50A13}.Debug|Any CPU.Build.0 = Debug|Any CPU
		{84FC1C04-6BDE-41AE-BAA5-1AE30ED50A13}.Release|Any CPU.ActiveCfg = Release|Any CPU
		{84FC1C04-6BDE-41AE-BAA5-1AE30ED50A13}.Release|Any CPU.Build.0 = Release|Any CPU
		{67CF25CC-3661-4BF3-A340-3BCCD674A155}.Debug|Any CPU.ActiveCfg = Debug|Any CPU
		{67CF25CC-3661-4BF3-A340-3BCCD674A155}.Debug|Any CPU.Build.0 = Debug|Any CPU
		{67CF25CC-3661-4BF3-A340-3BCCD674A155}.Release|Any CPU.ActiveCfg = Release|Any CPU
		{67CF25CC-3661-4BF3-A340-3BCCD674A155}.Release|Any CPU.Build.0 = Release|Any CPU
		{F67C5B28-38AA-4F62-A098-A1E5BD58334D}.Debug|Any CPU.ActiveCfg = Debug|Any CPU
		{F67C5B28-38AA-4F62-A098-A1E5BD58334D}.Debug|Any CPU.Build.0 = Debug|Any CPU
		{F67C5B28-38AA-4F62-A098-A1E5BD58334D}.Release|Any CPU.ActiveCfg = Release|Any CPU
		{F67C5B28-38AA-4F62-A098-A1E5BD58334D}.Release|Any CPU.Build.0 = Release|Any CPU
		{091D82A6-DE03-4091-9A5B-CB7827139C07}.Debug|Any CPU.ActiveCfg = Debug|Any CPU
		{091D82A6-DE03-4091-9A5B-CB7827139C07}.Debug|Any CPU.Build.0 = Debug|Any CPU
		{091D82A6-DE03-4091-9A5B-CB7827139C07}.Release|Any CPU.ActiveCfg = Release|Any CPU
		{091D82A6-DE03-4091-9A5B-CB7827139C07}.Release|Any CPU.Build.0 = Release|Any CPU
	EndGlobalSection
	GlobalSection(SolutionProperties) = preSolution
		HideSolutionNode = FALSE
	EndGlobalSection
	GlobalSection(ExtensibilityGlobals) = postSolution
		SolutionGuid = {C62CD4B3-AA9B-4432-875F-8BD8A447680D}
	EndGlobalSection
	GlobalSection(NestedProjects) = preSolution
		{091D82A6-DE03-4091-9A5B-CB7827139C07} = {D0E19174-00A9-4594-9060-12498EE224F8}
	EndGlobalSection
EndGlobal
